
Microsoft Visual Studio Solution File, Format Version 12.00
# Visual Studio Version 17
VisualStudioVersion = 17.7.34202.233
MinimumVisualStudioVersion = 10.0.40219.1
Project("{FAE04EC0-301F-11D3-BF4B-00C04F79EFBC}") = "Demo", "Demo\Demo.csproj", "{62B6CF20-CEB1-4209-BC5A-DC9975228043}"
EndProject
Global
	GlobalSection(SolutionConfigurationPlatforms) = preSolution
		Debug|Any CPU = Debug|Any CPU
		Release|Any CPU = Release|Any CPU
	EndGlobalSection
	GlobalSection(ProjectConfigurationPlatforms) = postSolution
		{62B6CF20-CEB1-4209-BC5A-DC9975228043}.Debug|Any CPU.ActiveCfg = Debug|Any CPU
		{62B6CF20-CEB1-4209-BC5A-DC9975228043}.Debug|Any CPU.Build.0 = Debug|Any CPU
		{62B6CF20-CEB1-4209-BC5A-DC9975228043}.Release|Any CPU.ActiveCfg = Release|Any CPU
		{62B6CF20-CEB1-4209-BC5A-DC9975228043}.Release|Any CPU.Build.0 = Release|Any CPU
	EndGlobalSection
	GlobalSection(SolutionProperties) = preSolution
		HideSolutionNode = FALSE
	EndGlobalSection
	GlobalSection(ExtensibilityGlobals) = postSolution
		SolutionGuid = {8F72597F-851A-49CB-A402-CB92FB4B254C}
	EndGlobalSection
EndGlobal
