
Microsoft Visual Studio Solution File, Format Version 12.00
# Visual Studio Version 17
VisualStudioVersion = 17.9.34607.119
MinimumVisualStudioVersion = 10.0.40219.1
Project("{9A19103F-16F7-4668-BE54-9A1E7A4F7556}") = "MagicVillaAPI", "MagicVillaAPI\MagicVillaAPI.csproj", "{A0294AAD-71FA-4F26-910A-76817281DD57}"
EndProject
Project("{FAE04EC0-301F-11D3-BF4B-00C04F79EFBC}") = "MagicVilla_Web", "MagicVilla_Web\MagicVilla_Web.csproj", "{E377FB4E-C5C8-43F5-8EE5-38AE1B372271}"
EndProject
Project("{FAE04EC0-301F-11D3-BF4B-00C04F79EFBC}") = "MagicVilla_Uitility", "MagicVilla_Uitility\MagicVilla_Uitility.csproj", "{D19732C9-C214-42C8-961E-62261E262FBF}"
EndProject
Global
	GlobalSection(SolutionConfigurationPlatforms) = preSolution
		Debug|Any CPU = Debug|Any CPU
		Release|Any CPU = Release|Any CPU
	EndGlobalSection
	GlobalSection(ProjectConfigurationPlatforms) = postSolution
		{A0294AAD-71FA-4F26-910A-76817281DD57}.Debug|Any CPU.ActiveCfg = Debug|Any CPU
		{A0294AAD-71FA-4F26-910A-76817281DD57}.Debug|Any CPU.Build.0 = Debug|Any CPU
		{A0294AAD-71FA-4F26-910A-76817281DD57}.Release|Any CPU.ActiveCfg = Release|Any CPU
		{A0294AAD-71FA-4F26-910A-76817281DD57}.Release|Any CPU.Build.0 = Release|Any CPU
		{E377FB4E-C5C8-43F5-8EE5-38AE1B372271}.Debug|Any CPU.ActiveCfg = Debug|Any CPU
		{E377FB4E-C5C8-43F5-8EE5-38AE1B372271}.Debug|Any CPU.Build.0 = Debug|Any CPU
		{E377FB4E-C5C8-43F5-8EE5-38AE1B372271}.Release|Any CPU.ActiveCfg = Release|Any CPU
		{E377FB4E-C5C8-43F5-8EE5-38AE1B372271}.Release|Any CPU.Build.0 = Release|Any CPU
		{D19732C9-C214-42C8-961E-62261E262FBF}.Debug|Any CPU.ActiveCfg = Debug|Any CPU
		{D19732C9-C214-42C8-961E-62261E262FBF}.Debug|Any CPU.Build.0 = Debug|Any CPU
		{D19732C9-C214-42C8-961E-62261E262FBF}.Release|Any CPU.ActiveCfg = Release|Any CPU
		{D19732C9-C214-42C8-961E-62261E262FBF}.Release|Any CPU.Build.0 = Release|Any CPU
	EndGlobalSection
	GlobalSection(SolutionProperties) = preSolution
		HideSolutionNode = FALSE
	EndGlobalSection
	GlobalSection(ExtensibilityGlobals) = postSolution
		SolutionGuid = {ABAFD816-0C69-4B45-8C81-5F68C721F682}
	EndGlobalSection
EndGlobal
